
Microsoft Visual Studio Solution File, Format Version 12.00
Project("{FAE04EC0-301F-11D3-BF4B-00C04F79EFBC}") = "AtonAPI", "AtonAPI\AtonAPI.csproj", "{CA8BFBB4-0905-4736-9F10-901A9BE5E030}"
EndProject
Project("{FAE04EC0-301F-11D3-BF4B-00C04F79EFBC}") = "Domain", "Domain\Domain.csproj", "{FF7B0994-B367-41F7-AA4F-E29D4D0D78A1}"
EndProject
Project("{FAE04EC0-301F-11D3-BF4B-00C04F79EFBC}") = "DataAccess", "DataAccess\DataAccess.csproj", "{106CF109-CB08-4E13-B9C0-FBE08E5C6E7D}"
EndProject
Project("{FAE04EC0-301F-11D3-BF4B-00C04F79EFBC}") = "Services", "Services\Services.csproj", "{E5D4035E-2FFA-4E2B-A5F6-40B4903EFB46}"
EndProject
Global
	GlobalSection(SolutionConfigurationPlatforms) = preSolution
		Debug|Any CPU = Debug|Any CPU
		Release|Any CPU = Release|Any CPU
	EndGlobalSection
	GlobalSection(ProjectConfigurationPlatforms) = postSolution
		{CA8BFBB4-0905-4736-9F10-901A9BE5E030}.Debug|Any CPU.ActiveCfg = Debug|Any CPU
		{CA8BFBB4-0905-4736-9F10-901A9BE5E030}.Debug|Any CPU.Build.0 = Debug|Any CPU
		{CA8BFBB4-0905-4736-9F10-901A9BE5E030}.Release|Any CPU.ActiveCfg = Release|Any CPU
		{CA8BFBB4-0905-4736-9F10-901A9BE5E030}.Release|Any CPU.Build.0 = Release|Any CPU
		{FF7B0994-B367-41F7-AA4F-E29D4D0D78A1}.Debug|Any CPU.ActiveCfg = Debug|Any CPU
		{FF7B0994-B367-41F7-AA4F-E29D4D0D78A1}.Debug|Any CPU.Build.0 = Debug|Any CPU
		{FF7B0994-B367-41F7-AA4F-E29D4D0D78A1}.Release|Any CPU.ActiveCfg = Release|Any CPU
		{FF7B0994-B367-41F7-AA4F-E29D4D0D78A1}.Release|Any CPU.Build.0 = Release|Any CPU
		{106CF109-CB08-4E13-B9C0-FBE08E5C6E7D}.Debug|Any CPU.ActiveCfg = Debug|Any CPU
		{106CF109-CB08-4E13-B9C0-FBE08E5C6E7D}.Debug|Any CPU.Build.0 = Debug|Any CPU
		{106CF109-CB08-4E13-B9C0-FBE08E5C6E7D}.Release|Any CPU.ActiveCfg = Release|Any CPU
		{106CF109-CB08-4E13-B9C0-FBE08E5C6E7D}.Release|Any CPU.Build.0 = Release|Any CPU
		{E5D4035E-2FFA-4E2B-A5F6-40B4903EFB46}.Debug|Any CPU.ActiveCfg = Debug|Any CPU
		{E5D4035E-2FFA-4E2B-A5F6-40B4903EFB46}.Debug|Any CPU.Build.0 = Debug|Any CPU
		{E5D4035E-2FFA-4E2B-A5F6-40B4903EFB46}.Release|Any CPU.ActiveCfg = Release|Any CPU
		{E5D4035E-2FFA-4E2B-A5F6-40B4903EFB46}.Release|Any CPU.Build.0 = Release|Any CPU
	EndGlobalSection
EndGlobal
